hash: 06f345338649f3d2b6891fc4ed1314b7dd6025bf3e23ac1f42b0f745b881e9ea
updated: 2018-01-15T22:34:16.7679908-08:00
imports:
- name: cloud.google.com/go
  version: afc02e191592e0699d396903c298729f8ab2a210
  subpackages:
  - compute/metadata
- name: github.com/golang/protobuf
  version: 1e59b77b52bf8e4b449a57e6f79f21226d571845
  subpackages:
  - proto
- name: github.com/graphql-go/graphql
  version: a5cf5f205dfd1cec7d9c7a5e94f5f2084faf47bc
  subpackages:
  - '...'
  - gqlerrors
  - language/ast
  - language/kinds
  - language/lexer
  - language/location
  - language/parser
  - language/printer
  - language/source
  - language/typeInfo
  - language/visitor
  - testutil
- name: github.com/kr/pretty
  version: cfb55aafdaf3ec08f0db22699ab822c50091b1c4
- name: github.com/kr/text
  version: 7cafcd837844e784b526369c9bce262804aebc60
- name: github.com/lib/pq
  version: 83612a56d3dd153a94a629cd64925371c9adad78
  subpackages:
  - oid
- name: go4.org
  version: fba789b7e39ba524b9e60c45c37a50fae63a2a09
  subpackages:
  - syncutil/singleflight
- name: golang.org/x/crypto
  version: eb71ad9bd329b5ac0fd0148dd99bd62e8be8e035
  subpackages:
  - acme
  - acme/autocert
  - ssh/terminal
- name: golang.org/x/net
  version: 8fd7f25955530b92e73e9e1932a41b522b22ccd9
  subpackages:
  - bpf
  - context
  - context/ctxhttp
  - html
  - html/atom
  - http2
  - http2/hpack
  - icmp
  - idna
  - internal/iana
  - internal/netreflect
  - internal/nettest
  - internal/timeseries
  - ipv4
  - ipv6
  - lex/httplex
  - webdav/internal/xml
  - websocket
- name: golang.org/x/oauth2
  version: 30785a2c434e431ef7c507b54617d6a951d5f2b4
  subpackages:
  - google
  - internal
  - jws
  - jwt
- name: golang.org/x/sys
  version: 07c182904dbd53199946ba614a412c61d3c548f5
  subpackages:
  - unix
  - windows
- name: golang.org/x/text
  version: e19ae1496984b1c655b8044a65c0300a3c878dd3
  subpackages:
  - encoding
  - encoding/charmap
  - encoding/htmlindex
  - encoding/internal
  - encoding/internal/identifier
  - encoding/japanese
  - encoding/korean
  - encoding/simplifiedchinese
  - encoding/traditionalchinese
  - encoding/unicode
  - internal/tag
  - internal/utf8internal
  - language
  - runes
  - transform
- name: google.golang.org/api
  version: de3aa2cfa7f1c18dcb7f91738099bad280117b8e
  subpackages:
  - compute/v1
  - gensupport
  - googleapi
  - googleapi/internal/uritemplates
- name: google.golang.org/appengine
  version: 5bee14b453b4c71be47ec1781b0fa61c2ea182db
  subpackages:
  - internal
  - internal/app_identity
  - internal/base
  - internal/datastore
  - internal/log
  - internal/modules
  - internal/remote_api
  - internal/urlfetch
  - urlfetch
- name: gopkg.in/alexcesaro/statsd.v2
  version: 7fea3f0d2fab1ad973e641e51dba45443a311a90
  subpackages:
  - '...'
testImports: []
